<?xml version="1.0" encoding="utf-8"?>
<Project ToolsVersion="4.0" xmlns="http://schemas.microsoft.com/developer/msbuild/2003">
  <ItemGroup>
    <Filter Include="foundation">
      <UniqueIdentifier>{8c196fdc-7bbd-417c-bf71-a1c928d25ecc}</UniqueIdentifier>
    </Filter>
    <Filter Include="Shaders">
      <UniqueIdentifier>{0680faef-6c9f-4807-ad8f-2d2cdadf347e}</UniqueIdentifier>
    </Filter>
  </ItemGroup>
  <ItemGroup>
    <ClCompile Include="foundation_unit_test.cpp">
      <Filter>foundation</Filter>
    </ClCompile>
    <ClCompile Include="memory.cpp">
      <Filter>foundation</Filter>
    </ClCompile>
    <ClCompile Include="murmur_hash.cpp">
      <Filter>foundation</Filter>
    </ClCompile>
    <ClCompile Include="string_stream.cpp">
      <Filter>foundation</Filter>
    </ClCompile>
    <ClCompile Include="debug.cpp" />
    <ClCompile Include="input.cpp" />
    <ClCompile Include="main.cpp" />
    <ClCompile Include="material.cpp" />
    <ClCompile Include="mesh.cpp" />
    <ClCompile Include="rectangle.cpp" />
    <ClCompile Include="shader.cpp" />
    <ClCompile Include="sprite.cpp" />
    <ClCompile Include="texture.cpp" />
    <ClCompile Include="camera.cpp" />
  </ItemGroup>
  <ItemGroup>
    <ClInclude Include="temp_allocator.h">
      <Filter>foundation</Filter>
    </ClInclude>
    <ClInclude Include="collection_types.h">
      <Filter>foundation</Filter>
    </ClInclude>
    <ClInclude Include="foundation_unit_test.h">
      <Filter>foundation</Filter>
    </ClInclude>
    <ClInclude Include="hash.h">
      <Filter>foundation</Filter>
    </ClInclude>
    <ClInclude Include="memory.h">
      <Filter>foundation</Filter>
    </ClInclude>
    <ClInclude Include="memory_types.h">
      <Filter>foundation</Filter>
    </ClInclude>
    <ClInclude Include="murmur_hash.h">
      <Filter>foundation</Filter>
    </ClInclude>
    <ClInclude Include="queue.h">
      <Filter>foundation</Filter>
    </ClInclude>
    <ClInclude Include="string_stream.h">
      <Filter>foundation</Filter>
    </ClInclude>
    <ClInclude Include="array.h">
      <Filter>foundation</Filter>
    </ClInclude>
    <ClInclude Include="algorithm.h" />
    <ClInclude Include="basictypes.h" />
    <ClInclude Include="color.h" />
    <ClInclude Include="debug.h" />
    <ClInclude Include="input.h" />
    <ClInclude Include="material.h" />
    <ClInclude Include="math.h" />
    <ClInclude Include="mesh.h" />
    <ClInclude Include="rectangle.h" />
    <ClInclude Include="shader.h" />
    <ClInclude Include="sprite.h" />
    <ClInclude Include="texture.h" />
    <ClInclude Include="types.h" />
    <ClInclude Include="camera.h" />
  </ItemGroup>
  <ItemGroup>
    <None Include="..\Assets\Shaders\basic.frag">
      <Filter>Shaders</Filter>
    </None>
    <None Include="..\Assets\Shaders\basic.vert">
      <Filter>Shaders</Filter>
    </None>
  </ItemGroup>
</Project>