<?xml version="1.0" encoding="utf-8"?>
<Project ToolsVersion="4.0" xmlns="http://schemas.microsoft.com/developer/msbuild/2003">
  <ItemGroup>
    <Filter Include="foundation">
      <UniqueIdentifier>{8c196fdc-7bbd-417c-bf71-a1c928d25ecc}</UniqueIdentifier>
    </Filter>
    <Filter Include="Shaders">
      <UniqueIdentifier>{0680faef-6c9f-4807-ad8f-2d2cdadf347e}</UniqueIdentifier>
    </Filter>
    <Filter Include="core">
      <UniqueIdentifier>{718cbc0e-3bd6-4fb0-b91e-2b80e9d31075}</UniqueIdentifier>
    </Filter>
    <Filter Include="core\Win">
      <UniqueIdentifier>{bcca59ac-dea2-4abe-86db-c0d8fe734118}</UniqueIdentifier>
    </Filter>
    <Filter Include="component_entity">
      <UniqueIdentifier>{afdc507f-b6af-4517-b422-9f4722b188ba}</UniqueIdentifier>
    </Filter>
    <Filter Include="component_entity\systems">
      <UniqueIdentifier>{4ff2ffbc-d369-40fc-bbdc-2305d6a68d8d}</UniqueIdentifier>
    </Filter>
  </ItemGroup>
  <ItemGroup>
    <ClCompile Include="foundation_unit_test.cpp">
      <Filter>foundation</Filter>
    </ClCompile>
    <ClCompile Include="memory.cpp">
      <Filter>foundation</Filter>
    </ClCompile>
    <ClCompile Include="murmur_hash.cpp">
      <Filter>foundation</Filter>
    </ClCompile>
    <ClCompile Include="string_stream.cpp">
      <Filter>foundation</Filter>
    </ClCompile>
    <ClCompile Include="input.cpp" />
    <ClCompile Include="main.cpp" />
    <ClCompile Include="rectangle.cpp" />
    <ClCompile Include="sprite.cpp" />
    <ClCompile Include="texture.cpp" />
    <ClCompile Include="camera.cpp" />
    <ClCompile Include="debug.cpp">
      <Filter>core</Filter>
    </ClCompile>
    <ClCompile Include="resource.cpp" />
    <ClCompile Include="window.cpp" />
    <ClCompile Include="renderer.cpp" />
    <ClCompile Include="logger.cpp">
      <Filter>core</Filter>
    </ClCompile>
    <ClCompile Include="transform.cpp" />
    <ClCompile Include="Win\win_platform.cpp">
      <Filter>core\Win</Filter>
    </ClCompile>
    <ClCompile Include="platform.cpp">
      <Filter>core</Filter>
    </ClCompile>
    <ClCompile Include="entity.cpp">
      <Filter>component_entity</Filter>
    </ClCompile>
    <ClCompile Include="sprite_system.cpp">
      <Filter>component_entity\systems</Filter>
    </ClCompile>
  </ItemGroup>
  <ItemGroup>
    <ClInclude Include="temp_allocator.h">
      <Filter>foundation</Filter>
    </ClInclude>
    <ClInclude Include="collection_types.h">
      <Filter>foundation</Filter>
    </ClInclude>
    <ClInclude Include="foundation_unit_test.h">
      <Filter>foundation</Filter>
    </ClInclude>
    <ClInclude Include="hash.h">
      <Filter>foundation</Filter>
    </ClInclude>
    <ClInclude Include="memory.h">
      <Filter>foundation</Filter>
    </ClInclude>
    <ClInclude Include="memory_types.h">
      <Filter>foundation</Filter>
    </ClInclude>
    <ClInclude Include="murmur_hash.h">
      <Filter>foundation</Filter>
    </ClInclude>
    <ClInclude Include="queue.h">
      <Filter>foundation</Filter>
    </ClInclude>
    <ClInclude Include="string_stream.h">
      <Filter>foundation</Filter>
    </ClInclude>
    <ClInclude Include="array.h">
      <Filter>foundation</Filter>
    </ClInclude>
    <ClInclude Include="algorithm.h" />
    <ClInclude Include="color.h" />
    <ClInclude Include="input.h" />
    <ClInclude Include="math.h" />
    <ClInclude Include="rectangle.h" />
    <ClInclude Include="sprite.h" />
    <ClInclude Include="texture.h" />
    <ClInclude Include="camera.h" />
    <ClInclude Include="render_queue.h" />
    <ClInclude Include="basic_allocator.h">
      <Filter>core</Filter>
    </ClInclude>
    <ClInclude Include="basic_types.h">
      <Filter>core</Filter>
    </ClInclude>
    <ClInclude Include="ref_counted.h">
      <Filter>core</Filter>
    </ClInclude>
    <ClInclude Include="platform_defines.h">
      <Filter>core</Filter>
    </ClInclude>
    <ClInclude Include="debug.h">
      <Filter>core</Filter>
    </ClInclude>
    <ClInclude Include="types.h">
      <Filter>core</Filter>
    </ClInclude>
    <ClInclude Include="resource.h" />
    <ClInclude Include="renderer.h" />
    <ClInclude Include="logger.h">
      <Filter>core</Filter>
    </ClInclude>
    <ClInclude Include="transform.h" />
    <ClInclude Include="platform.h">
      <Filter>core</Filter>
    </ClInclude>
    <ClInclude Include="component.h">
      <Filter>component_entity</Filter>
    </ClInclude>
    <ClInclude Include="component_types.h">
      <Filter>component_entity</Filter>
    </ClInclude>
    <ClInclude Include="entity.h">
      <Filter>component_entity</Filter>
    </ClInclude>
    <ClInclude Include="system.h">
      <Filter>component_entity</Filter>
    </ClInclude>
    <ClInclude Include="sprite_system.h">
      <Filter>component_entity\systems</Filter>
    </ClInclude>
    <ClInclude Include="component_entity.h">
      <Filter>component_entity</Filter>
    </ClInclude>
  </ItemGroup>
  <ItemGroup>
    <None Include="..\Assets\Shaders\basic.frag">
      <Filter>Shaders</Filter>
    </None>
    <None Include="..\Assets\Shaders\basic.vert">
      <Filter>Shaders</Filter>
    </None>
    <None Include="window.h" />
  </ItemGroup>
</Project>